zgo.at/json v0.0.0-20200627042140-d5025253667f h1:o4XL0oDtAzxN+mkVCti8MYz5nLNfbrl17I78rqLWQrk=
zgo.at/json v0.0.0-20200627042140-d5025253667f/go.mod h1:DUuNIRpNC7/cup+Gy0qhwQEjjlLFXXRZ04VnVv9bf3E=
zgo.at/zstd v0.0.0-20210512041107-8951517febd3 h1:iLAuez7Qax/O15/hAq2ruaEULxfB6/KKBHo49NGRQTY=
zgo.at/zstd v0.0.0-20210512041107-8951517febd3/go.mod h1:sQqrTxBwKW0nlwcOg9RxXB8ikY+NBciJnJRPOq/gEuY=
